{
  "requires": true,
  "lockfileVersion": 1,
  "dependencies": {
    "vue": {
      "version": "2.6.11",
      "resolved": "https://registry.npmjs.org/vue/-/vue-2.6.11.tgz",
      "integrity": "sha512-VfPwgcGABbGAue9+sfrD4PuwFar7gPb1yl1UK1MwXoQPAw0BKSqWfoYCT/ThFrdEVWoI51dBuyCoiNU9bZDZxQ=="
    },
    "vue-marquee-text-component": {
      "version": "1.1.1",
      "resolved": "https://registry.npmjs.org/vue-marquee-text-component/-/vue-marquee-text-component-1.1.1.tgz",
      "integrity": "sha512-ei3OrX6uKPtm+H9GbAlJL3NqTJxXoQsbAMcmuao56Z8rH2mlFkYSGrJGDsX8wyQ/IQtYgMSuf50kaH2mQx8DSQ==",
      "requires": {
        "vue": "^2.5.17"
      }
    }
  }
}
