{
  "requires": true,
  "lockfileVersion": 1,
  "dependencies": {
    "@syncfusion/ej2-base": {
      "version": "17.4.51",
      "resolved": "https://registry.npmjs.org/@syncfusion/ej2-base/-/ej2-base-17.4.51.tgz",
      "integrity": "sha512-3o+qOEAD26cgotyBOUjW8VQB9TqQl3v2bYHlBAIhkTBJXHMY//vMcY63MwlY7UaqyWFiCHtG0Oov4rH8QQRSGg==",
      "requires": {
        "@syncfusion/ej2-icons": "~17.4.51"
      }
    },
    "@syncfusion/ej2-buttons": {
      "version": "17.4.51",
      "resolved": "https://registry.npmjs.org/@syncfusion/ej2-buttons/-/ej2-buttons-17.4.51.tgz",
      "integrity": "sha512-tLh+UPi6SOqZqmFQKyQ11f+u/szMUBGQz3fMD3QCw/STduG+oVhsmQnSWCZQX2piteszj+27wGCr+FHVns7sww==",
      "requires": {
        "@syncfusion/ej2-base": "~17.4.51"
      }
    },
    "@syncfusion/ej2-calendars": {
      "version": "17.4.51",
      "resolved": "https://registry.npmjs.org/@syncfusion/ej2-calendars/-/ej2-calendars-17.4.51.tgz",
      "integrity": "sha512-uNlmjBI3Fvcjn+qelyH9ss59L4lo19emrt9SxXVTpwCTKXQ1bI2gUlbsoR+oGpS1iRq3C0safqcMGSQe+Fft3g==",
      "requires": {
        "@syncfusion/ej2-base": "~17.4.51",
        "@syncfusion/ej2-buttons": "~17.4.51",
        "@syncfusion/ej2-inputs": "~17.4.51",
        "@syncfusion/ej2-lists": "~17.4.51",
        "@syncfusion/ej2-popups": "~17.4.51"
      }
    },
    "@syncfusion/ej2-charts": {
      "version": "17.4.51",
      "resolved": "https://registry.npmjs.org/@syncfusion/ej2-charts/-/ej2-charts-17.4.51.tgz",
      "integrity": "sha512-OOt1w4xAdQmgBqal6pGMNcKuBgqkbvIffcZA2rQAKT0J7mvhPCLGWIjV0qJUjSfYQtUlbpCwZTDx1x86W3K8IA==",
      "requires": {
        "@syncfusion/ej2-base": "~17.4.51",
        "@syncfusion/ej2-calendars": "~17.4.51",
        "@syncfusion/ej2-compression": "~17.4.51",
        "@syncfusion/ej2-data": "~17.4.51",
        "@syncfusion/ej2-file-utils": "~17.4.51",
        "@syncfusion/ej2-navigations": "~17.4.51",
        "@syncfusion/ej2-pdf-export": "~17.4.51",
        "@syncfusion/ej2-svg-base": "~17.4.51"
      }
    },
    "@syncfusion/ej2-compression": {
      "version": "17.4.51",
      "resolved": "https://registry.npmjs.org/@syncfusion/ej2-compression/-/ej2-compression-17.4.51.tgz",
      "integrity": "sha512-lbwAEgX49WtTeevV5hYwE4HVjXJcD7U33tlkVzLe7r81ZCtTsC4Buz2J8aiPZp0dVfOxDV1DJHYHIp2FStYQFg==",
      "requires": {
        "@syncfusion/ej2-file-utils": "~17.4.51"
      }
    },
    "@syncfusion/ej2-data": {
      "version": "17.4.51",
      "resolved": "https://registry.npmjs.org/@syncfusion/ej2-data/-/ej2-data-17.4.51.tgz",
      "integrity": "sha512-UaJPqyy8WTYw53/rCE/Er/Kd1QUPlp5Zv8/lVAloYsgkj+DqsOuf9hiQk2S6NuCCT7wTOcBrK1T5zGajm5yZtA==",
      "requires": {
        "@syncfusion/ej2-base": "~17.4.51"
      }
    },
    "@syncfusion/ej2-file-utils": {
      "version": "17.4.51",
      "resolved": "https://registry.npmjs.org/@syncfusion/ej2-file-utils/-/ej2-file-utils-17.4.51.tgz",
      "integrity": "sha512-7TQq1BAAvgU4FWUPVUf42RX1/dLUcNceeqGxgJ944CXWaEm3sswVsFKtBm4CGK4mtIfTSejTbMaNXLE5sWMXNw=="
    },
    "@syncfusion/ej2-icons": {
      "version": "17.4.51",
      "resolved": "https://registry.npmjs.org/@syncfusion/ej2-icons/-/ej2-icons-17.4.51.tgz",
      "integrity": "sha512-pBXyKHKaV1ysj4QL1CywOrKRptw3bv/NKmIggkIaWjRGSbya8K6w1XBxrIkJFU7medaKKwNEApsanTvA2rMapw=="
    },
    "@syncfusion/ej2-inputs": {
      "version": "17.4.51",
      "resolved": "https://registry.npmjs.org/@syncfusion/ej2-inputs/-/ej2-inputs-17.4.51.tgz",
      "integrity": "sha512-rmFVHseRwPrXU/iLwpS9fKfzupiJYszGVassgYCQyqPSTfhE2IkZhMXUrauj3mpR4DD3Qjgakvz+syjF6PqyaQ==",
      "requires": {
        "@syncfusion/ej2-base": "~17.4.51",
        "@syncfusion/ej2-buttons": "~17.4.51",
        "@syncfusion/ej2-popups": "~17.4.51",
        "@syncfusion/ej2-splitbuttons": "~17.4.51"
      }
    },
    "@syncfusion/ej2-lists": {
      "version": "17.4.51",
      "resolved": "https://registry.npmjs.org/@syncfusion/ej2-lists/-/ej2-lists-17.4.51.tgz",
      "integrity": "sha512-3Ou6pxHVK9xk/8euCoK9v6fYUjYGSDy7JMWzLJSGbCGbLNJvdaW1W/T/tCXTTpH7YtyHvrEAfQmy0wv+G00kYw==",
      "requires": {
        "@syncfusion/ej2-base": "~17.4.51",
        "@syncfusion/ej2-buttons": "~17.4.51",
        "@syncfusion/ej2-data": "~17.4.51"
      }
    },
    "@syncfusion/ej2-navigations": {
      "version": "17.4.51",
      "resolved": "https://registry.npmjs.org/@syncfusion/ej2-navigations/-/ej2-navigations-17.4.51.tgz",
      "integrity": "sha512-r36nJ9idDmYhjAo1oNTyWekrSXkJUEsA25zTW90PUjCsoTE2kXwkjrFHK/ssj2YcrNAXke7YaxtDasONKD8XzQ==",
      "requires": {
        "@syncfusion/ej2-base": "~17.4.51",
        "@syncfusion/ej2-buttons": "~17.4.51",
        "@syncfusion/ej2-data": "~17.4.51",
        "@syncfusion/ej2-inputs": "~17.4.51",
        "@syncfusion/ej2-lists": "~17.4.51",
        "@syncfusion/ej2-popups": "~17.4.51"
      }
    },
    "@syncfusion/ej2-pdf-export": {
      "version": "17.4.51",
      "resolved": "https://registry.npmjs.org/@syncfusion/ej2-pdf-export/-/ej2-pdf-export-17.4.51.tgz",
      "integrity": "sha512-9AFKa/pRxRDRP18FhSIRhpC6dSpzlZM/nf4v9zGlqQgdl3iUAVg2xVPYNV+phldd76NrimygOUTOQ5ChmcnRoQ==",
      "requires": {
        "@syncfusion/ej2-compression": "~17.4.51"
      }
    },
    "@syncfusion/ej2-popups": {
      "version": "17.4.51",
      "resolved": "https://registry.npmjs.org/@syncfusion/ej2-popups/-/ej2-popups-17.4.51.tgz",
      "integrity": "sha512-29bVoa4ll/7laI0d7PoP3tX97B1OC7nRXaaRkGvAPn1QQuWgyBzc3eymby3P16UpoptOVwNq1BIf2/cxBY7gMQ==",
      "requires": {
        "@syncfusion/ej2-base": "~17.4.51",
        "@syncfusion/ej2-buttons": "~17.4.51"
      }
    },
    "@syncfusion/ej2-splitbuttons": {
      "version": "17.4.51",
      "resolved": "https://registry.npmjs.org/@syncfusion/ej2-splitbuttons/-/ej2-splitbuttons-17.4.51.tgz",
      "integrity": "sha512-qwmAfKRyfBVSkEPAGX0duMmEsNFEAG2A9QSYyujs7VpPAoxzzL30FLcyudrKMeFnHZh90yif/ct7xZ7shXDqag==",
      "requires": {
        "@syncfusion/ej2-base": "~17.4.51",
        "@syncfusion/ej2-popups": "~17.4.51"
      }
    },
    "@syncfusion/ej2-svg-base": {
      "version": "17.4.51",
      "resolved": "https://registry.npmjs.org/@syncfusion/ej2-svg-base/-/ej2-svg-base-17.4.51.tgz",
      "integrity": "sha512-3hPvzqaIJUch+RQQpZ37fwL8jyMCJRhL64NAjvxiJN/eQRgdzkO0b4ddsmBmZmlvxIaIr5obiSBoM6Cbo850wQ==",
      "requires": {
        "@syncfusion/ej2-base": "~17.4.51"
      }
    },
    "@syncfusion/ej2-vue-base": {
      "version": "17.4.51",
      "resolved": "https://registry.npmjs.org/@syncfusion/ej2-vue-base/-/ej2-vue-base-17.4.51.tgz",
      "integrity": "sha512-RR7d2Bgsf2bQc/RPIJFQkxS6qwlZ8CCWtwJmeiHW7DN5kduKPm88TyvYd3Gu8AIl86iT7jQOi7q1XPxfUrhMOA==",
      "requires": {
        "@syncfusion/ej2-base": "~17.4.51"
      }
    },
    "@syncfusion/ej2-vue-charts": {
      "version": "17.4.51",
      "resolved": "https://registry.npmjs.org/@syncfusion/ej2-vue-charts/-/ej2-vue-charts-17.4.51.tgz",
      "integrity": "sha512-gzbBCDZPRdaM80v63RPwlwAjVE/Uy7zygSZBcJKrIO6Kq6QOPhYiHpgua0vv2R20/EK8AD40Bk3MjEbNsXnSHA==",
      "requires": {
        "@syncfusion/ej2-base": "~17.4.51",
        "@syncfusion/ej2-charts": "17.4.51",
        "@syncfusion/ej2-vue-base": "~17.4.51"
      }
    },
    "vue": {
      "version": "2.6.11",
      "resolved": "https://registry.npmjs.org/vue/-/vue-2.6.11.tgz",
      "integrity": "sha512-VfPwgcGABbGAue9+sfrD4PuwFar7gPb1yl1UK1MwXoQPAw0BKSqWfoYCT/ThFrdEVWoI51dBuyCoiNU9bZDZxQ=="
    },
    "vue-marquee-text-component": {
      "version": "1.1.1",
      "resolved": "https://registry.npmjs.org/vue-marquee-text-component/-/vue-marquee-text-component-1.1.1.tgz",
      "integrity": "sha512-ei3OrX6uKPtm+H9GbAlJL3NqTJxXoQsbAMcmuao56Z8rH2mlFkYSGrJGDsX8wyQ/IQtYgMSuf50kaH2mQx8DSQ==",
      "requires": {
        "vue": "^2.5.17"
      }
    }
  }
}
